{
  "name": "aws-nodejs-typescript",
  "version": "1.0.0",
  "lockfileVersion": 1,
  "requires": true,
  "dependencies": {
    "string-argv": {
      "version": "0.1.1",
      "resolved": "https://registry.npmjs.org/string-argv/-/string-argv-0.1.1.tgz",
      "integrity": "sha512-El1Va5ehZ0XTj3Ekw4WFidXvTmt9SrC0+eigdojgtJMVtPkF0qbBe9fyNSl9eQf+kUHnTSQxdQYzuHfZy8V+DQ=="
    }
  }
}
